PODS:
  - ReactiveObjC (3.0.0)

DEPENDENCIES:
  - ReactiveObjC (~> 3.0.0)

SPEC REPOS:
  https://github.com/CocoaPods/Specs.git:
    - ReactiveObjC

SPEC CHECKSUMS:
  ReactiveObjC: ce79989e8684b9086b5f8d0c74bc7b81a8729c9e

PODFILE CHECKSUM: 03e6c146b722491549dc910de1d96457e499798a

COCOAPODS: 1.5.0
